
Microsoft Visual Studio Solution File, Format Version 12.00
# Visual Studio Version 17
VisualStudioVersion = 17.0.32014.148
MinimumVisualStudioVersion = 10.0.40219.1
Project("{6EC3EE1D-3C4E-46DD-8F32-0CC8E7565705}") = "CommandLine", "CommandLine\CommandLine.fsproj", "{8ECEDFCC-3F28-4F0C-91FA-0A3AFE946F31}"
EndProject
Project("{6EC3EE1D-3C4E-46DD-8F32-0CC8E7565705}") = "Tests", "Tests\Tests.fsproj", "{12DD59BE-5573-43F6-B81D-ACC44E9DAB7E}"
EndProject
Project("{6EC3EE1D-3C4E-46DD-8F32-0CC8E7565705}") = "Library", "Library\Library.fsproj", "{0BED3D44-7BEB-4D1C-AC15-5F1B2D482BA9}"
EndProject
Project("{2150E333-8FDC-42A3-9474-1A3956D46DE8}") = "Solution Items", "Solution Items", "{FE3F53DF-2AF4-4D69-B182-81D1C1CD4D32}"
	ProjectSection(SolutionItems) = preProject
		README.md = README.md
	EndProjectSection
EndProject
Global
	GlobalSection(SolutionConfigurationPlatforms) = preSolution
		Debug|Any CPU = Debug|Any CPU
		Release|Any CPU = Release|Any CPU
	EndGlobalSection
	GlobalSection(ProjectConfigurationPlatforms) = postSolution
		{8ECEDFCC-3F28-4F0C-91FA-0A3AFE946F31}.Debug|Any CPU.ActiveCfg = Debug|Any CPU
		{8ECEDFCC-3F28-4F0C-91FA-0A3AFE946F31}.Debug|Any CPU.Build.0 = Debug|Any CPU
		{8ECEDFCC-3F28-4F0C-91FA-0A3AFE946F31}.Release|Any CPU.ActiveCfg = Release|Any CPU
		{8ECEDFCC-3F28-4F0C-91FA-0A3AFE946F31}.Release|Any CPU.Build.0 = Release|Any CPU
		{12DD59BE-5573-43F6-B81D-ACC44E9DAB7E}.Debug|Any CPU.ActiveCfg = Debug|Any CPU
		{12DD59BE-5573-43F6-B81D-ACC44E9DAB7E}.Debug|Any CPU.Build.0 = Debug|Any CPU
		{12DD59BE-5573-43F6-B81D-ACC44E9DAB7E}.Release|Any CPU.ActiveCfg = Release|Any CPU
		{12DD59BE-5573-43F6-B81D-ACC44E9DAB7E}.Release|Any CPU.Build.0 = Release|Any CPU
		{0BED3D44-7BEB-4D1C-AC15-5F1B2D482BA9}.Debug|Any CPU.ActiveCfg = Debug|Any CPU
		{0BED3D44-7BEB-4D1C-AC15-5F1B2D482BA9}.Debug|Any CPU.Build.0 = Debug|Any CPU
		{0BED3D44-7BEB-4D1C-AC15-5F1B2D482BA9}.Release|Any CPU.ActiveCfg = Release|Any CPU
		{0BED3D44-7BEB-4D1C-AC15-5F1B2D482BA9}.Release|Any CPU.Build.0 = Release|Any CPU
	EndGlobalSection
	GlobalSection(SolutionProperties) = preSolution
		HideSolutionNode = FALSE
	EndGlobalSection
	GlobalSection(ExtensibilityGlobals) = postSolution
		SolutionGuid = {185C2D32-1BE2-46E2-B4C9-6A6BE0678B69}
	EndGlobalSection
EndGlobal
